{
  "requires": true,
  "lockfileVersion": 1,
  "dependencies": {
    "gitbook-plugin-theme-fexa": {
      "version": "1.0.6",
      "resolved": "https://registry.npmjs.org/gitbook-plugin-theme-fexa/-/gitbook-plugin-theme-fexa-1.0.6.tgz",
      "integrity": "sha512-Yl/YbGq8E4lplZQB8fkUr78OJfJ9KE4xqYCKel/Zk0RriIIFbCqhYvwGldsneUbn5Za/Wr5+tYrhHqYyRRvlqw=="
    }
  }
}
